
Microsoft Visual Studio Solution File, Format Version 12.00
# Visual Studio Version 17
VisualStudioVersion = 17.14.36414.22
MinimumVisualStudioVersion = 10.0.40219.1
Project("{FAE04EC0-301F-11D3-BF4B-00C04F79EFBC}") = "StudentManagement.API", "StudentManagement\StudentManagement.API.csproj", "{60E7456A-19E3-440F-A2C2-ED68EE5058FB}"
EndProject
Project("{FAE04EC0-301F-11D3-BF4B-00C04F79EFBC}") = "Services", "StudentManagement.Services\Services.csproj", "{FE188C87-F7D6-46EE-A6BB-664566BA96DA}"
EndProject
Project("{FAE04EC0-301F-11D3-BF4B-00C04F79EFBC}") = "Models", "Models\Models.csproj", "{920DAAEC-2CEC-4823-88A8-609C02F355E7}"
EndProject
Project("{FAE04EC0-301F-11D3-BF4B-00C04F79EFBC}") = "Repository", "Repository\Repository.csproj", "{89037062-27FD-4A48-B704-2EF9257F258A}"
EndProject
Project("{2150E333-8FDC-42A3-9474-1A3956D46DE8}") = "Solution Items", "Solution Items", "{02EA681E-C7D8-13C7-8484-4AC65E1B71E8}"
	ProjectSection(SolutionItems) = preProject
		.editorconfig = .editorconfig
	EndProjectSection
EndProject
Project("{FAE04EC0-301F-11D3-BF4B-00C04F79EFBC}") = "StudentManagment.API.Test", "StudentManagment.API.Test\StudentManagment.API.Test.csproj", "{0075C583-46D1-4C09-94FF-882B6D8C6201}"
EndProject
Project("{FAE04EC0-301F-11D3-BF4B-00C04F79EFBC}") = "Models.Test", "Models.Test\Models.Test.csproj", "{9FC06BD0-FAE3-40DE-8A9A-49243481A069}"
EndProject
Project("{FAE04EC0-301F-11D3-BF4B-00C04F79EFBC}") = "Services.Test", "Services.Test\Services.Test.csproj", "{DA81A1B8-6C96-4253-A6ED-3E85DD5C63AB}"
EndProject
Project("{FAE04EC0-301F-11D3-BF4B-00C04F79EFBC}") = "Repository.Test", "Repository.Test\Repository.Test.csproj", "{3DAA0A24-9738-4A8F-99F6-18F57EFB0608}"
EndProject
Global
	GlobalSection(SolutionConfigurationPlatforms) = preSolution
		Debug|Any CPU = Debug|Any CPU
		Release|Any CPU = Release|Any CPU
	EndGlobalSection
	GlobalSection(ProjectConfigurationPlatforms) = postSolution
		{60E7456A-19E3-440F-A2C2-ED68EE5058FB}.Debug|Any CPU.ActiveCfg = Debug|Any CPU
		{60E7456A-19E3-440F-A2C2-ED68EE5058FB}.Debug|Any CPU.Build.0 = Debug|Any CPU
		{60E7456A-19E3-440F-A2C2-ED68EE5058FB}.Release|Any CPU.ActiveCfg = Release|Any CPU
		{60E7456A-19E3-440F-A2C2-ED68EE5058FB}.Release|Any CPU.Build.0 = Release|Any CPU
		{FE188C87-F7D6-46EE-A6BB-664566BA96DA}.Debug|Any CPU.ActiveCfg = Debug|Any CPU
		{FE188C87-F7D6-46EE-A6BB-664566BA96DA}.Debug|Any CPU.Build.0 = Debug|Any CPU
		{FE188C87-F7D6-46EE-A6BB-664566BA96DA}.Release|Any CPU.ActiveCfg = Release|Any CPU
		{FE188C87-F7D6-46EE-A6BB-664566BA96DA}.Release|Any CPU.Build.0 = Release|Any CPU
		{920DAAEC-2CEC-4823-88A8-609C02F355E7}.Debug|Any CPU.ActiveCfg = Debug|Any CPU
		{920DAAEC-2CEC-4823-88A8-609C02F355E7}.Debug|Any CPU.Build.0 = Debug|Any CPU
		{920DAAEC-2CEC-4823-88A8-609C02F355E7}.Release|Any CPU.ActiveCfg = Release|Any CPU
		{920DAAEC-2CEC-4823-88A8-609C02F355E7}.Release|Any CPU.Build.0 = Release|Any CPU
		{89037062-27FD-4A48-B704-2EF9257F258A}.Debug|Any CPU.ActiveCfg = Debug|Any CPU
		{89037062-27FD-4A48-B704-2EF9257F258A}.Debug|Any CPU.Build.0 = Debug|Any CPU
		{89037062-27FD-4A48-B704-2EF9257F258A}.Release|Any CPU.ActiveCfg = Release|Any CPU
		{89037062-27FD-4A48-B704-2EF9257F258A}.Release|Any CPU.Build.0 = Release|Any CPU
		{0075C583-46D1-4C09-94FF-882B6D8C6201}.Debug|Any CPU.ActiveCfg = Debug|Any CPU
		{0075C583-46D1-4C09-94FF-882B6D8C6201}.Debug|Any CPU.Build.0 = Debug|Any CPU
		{0075C583-46D1-4C09-94FF-882B6D8C6201}.Release|Any CPU.ActiveCfg = Release|Any CPU
		{0075C583-46D1-4C09-94FF-882B6D8C6201}.Release|Any CPU.Build.0 = Release|Any CPU
		{9FC06BD0-FAE3-40DE-8A9A-49243481A069}.Debug|Any CPU.ActiveCfg = Debug|Any CPU
		{9FC06BD0-FAE3-40DE-8A9A-49243481A069}.Debug|Any CPU.Build.0 = Debug|Any CPU
		{9FC06BD0-FAE3-40DE-8A9A-49243481A069}.Release|Any CPU.ActiveCfg = Release|Any CPU
		{9FC06BD0-FAE3-40DE-8A9A-49243481A069}.Release|Any CPU.Build.0 = Release|Any CPU
		{DA81A1B8-6C96-4253-A6ED-3E85DD5C63AB}.Debug|Any CPU.ActiveCfg = Debug|Any CPU
		{DA81A1B8-6C96-4253-A6ED-3E85DD5C63AB}.Debug|Any CPU.Build.0 = Debug|Any CPU
		{DA81A1B8-6C96-4253-A6ED-3E85DD5C63AB}.Release|Any CPU.ActiveCfg = Release|Any CPU
		{DA81A1B8-6C96-4253-A6ED-3E85DD5C63AB}.Release|Any CPU.Build.0 = Release|Any CPU
		{3DAA0A24-9738-4A8F-99F6-18F57EFB0608}.Debug|Any CPU.ActiveCfg = Debug|Any CPU
		{3DAA0A24-9738-4A8F-99F6-18F57EFB0608}.Debug|Any CPU.Build.0 = Debug|Any CPU
		{3DAA0A24-9738-4A8F-99F6-18F57EFB0608}.Release|Any CPU.ActiveCfg = Release|Any CPU
		{3DAA0A24-9738-4A8F-99F6-18F57EFB0608}.Release|Any CPU.Build.0 = Release|Any CPU
	EndGlobalSection
	GlobalSection(SolutionProperties) = preSolution
		HideSolutionNode = FALSE
	EndGlobalSection
	GlobalSection(ExtensibilityGlobals) = postSolution
		SolutionGuid = {43B985EC-B832-4F1C-8847-7DBD504637FD}
	EndGlobalSection
EndGlobal
